<?xml version="1.0" encoding="utf-8"?>
<Project ToolsVersion="4.0" xmlns="http://schemas.microsoft.com/developer/msbuild/2003">
  <ItemGroup>
    <Filter Include="win32">
      <UniqueIdentifier>{84a8ebd7-7cf0-47f6-b75e-d441df67da40}</UniqueIdentifier>
    </Filter>
    <Filter Include="resource">
      <UniqueIdentifier>{715254bc-d70b-4ec5-bf29-467dd3ace079}</UniqueIdentifier>
    </Filter>
    <Filter Include="resource\src">
      <UniqueIdentifier>{bb6c862e-70e9-49d9-81b7-3829a6f50471}</UniqueIdentifier>
    </Filter>
  </ItemGroup>
  <ItemGroup>
    <ClCompile Include="main.cpp">
      <Filter>win32</Filter>
    </ClCompile>
    <ClCompile Include="..\Classes\AppDelegate.cpp">
      <Filter>resource\src</Filter>
    </ClCompile>
    <ClCompile Include="..\Classes\SceneManager.cpp">
      <Filter>resource\src</Filter>
    </ClCompile>
    <ClCompile Include="..\Classes\loadLayer.cpp">
      <Filter>resource\src</Filter>
    </ClCompile>
    <ClCompile Include="..\Classes\openLayer.cpp">
      <Filter>resource\src</Filter>
    </ClCompile>
    <ClCompile Include="..\Classes\gameLayer.cpp">
      <Filter>resource\src</Filter>
    </ClCompile>
    <ClCompile Include="..\Classes\mapLayer.cpp">
      <Filter>resource\src</Filter>
    </ClCompile>
    <ClCompile Include="..\Classes\selectLayer.cpp">
      <Filter>resource\src</Filter>
    </ClCompile>
    <ClCompile Include="..\Classes\BaseLayer.cpp">
      <Filter>resource\src</Filter>
    </ClCompile>
    <ClCompile Include="..\Classes\card.cpp">
      <Filter>resource\src</Filter>
    </ClCompile>
    <ClCompile Include="..\Classes\eventManager.cpp">
      <Filter>resource\src</Filter>
    </ClCompile>
    <ClCompile Include="..\Classes\battleManager.cpp">
      <Filter>resource\src</Filter>
    </ClCompile>
    <ClCompile Include="..\Classes\battleLayer.cpp">
      <Filter>resource\src</Filter>
    </ClCompile>
    <ClCompile Include="..\Classes\Player.cpp">
      <Filter>resource\src</Filter>
    </ClCompile>
    <ClCompile Include="..\Classes\enemy.cpp">
      <Filter>resource\src</Filter>
    </ClCompile>
    <ClCompile Include="..\Classes\Data.cpp">
      <Filter>resource\src</Filter>
    </ClCompile>
    <ClCompile Include="..\Classes\Base.cpp">
      <Filter>resource\src</Filter>
    </ClCompile>
    <ClCompile Include="..\Classes\choose.cpp">
      <Filter>resource\src</Filter>
    </ClCompile>
    <ClCompile Include="..\Classes\myDeck.cpp">
      <Filter>resource\src</Filter>
    </ClCompile>
    <ClCompile Include="..\Classes\Item.cpp">
      <Filter>resource\src</Filter>
    </ClCompile>
    <ClCompile Include="..\Classes\card_inf.cpp">
      <Filter>resource\src</Filter>
    </ClCompile>
    <ClCompile Include="..\Classes\PopupLayer.cpp">
      <Filter>resource\src</Filter>
    </ClCompile>
    <ClCompile Include="..\Classes\cardgroupLayer.cpp">
      <Filter>resource\src</Filter>
    </ClCompile>
  </ItemGroup>
  <ItemGroup>
    <ClInclude Include="main.h">
      <Filter>win32</Filter>
    </ClInclude>
    <ClInclude Include="..\Classes\AppDelegate.h">
      <Filter>resource\src</Filter>
    </ClInclude>
    <ClInclude Include="..\Classes\SceneManager.h">
      <Filter>resource\src</Filter>
    </ClInclude>
    <ClInclude Include="..\cocos2d\cocos\cocos2d.h" />
    <ClInclude Include="..\Classes\loadLayer.h">
      <Filter>resource\src</Filter>
    </ClInclude>
    <ClInclude Include="..\Classes\openLayer.h">
      <Filter>resource\src</Filter>
    </ClInclude>
    <ClInclude Include="..\Classes\gameLayer.h">
      <Filter>resource\src</Filter>
    </ClInclude>
    <ClInclude Include="..\Classes\mapLayer.h">
      <Filter>resource\src</Filter>
    </ClInclude>
    <ClInclude Include="..\Classes\selectLayer.h">
      <Filter>resource\src</Filter>
    </ClInclude>
    <ClInclude Include="..\Classes\BaseLayer.h">
      <Filter>resource\src</Filter>
    </ClInclude>
    <ClInclude Include="..\Classes\card.h">
      <Filter>resource\src</Filter>
    </ClInclude>
    <ClInclude Include="..\Classes\eventManager.h">
      <Filter>resource\src</Filter>
    </ClInclude>
    <ClInclude Include="..\Classes\battleManager.h">
      <Filter>resource\src</Filter>
    </ClInclude>
    <ClInclude Include="..\Classes\battleLayer.h">
      <Filter>resource\src</Filter>
    </ClInclude>
    <ClInclude Include="..\Classes\Player.h">
      <Filter>resource\src</Filter>
    </ClInclude>
    <ClInclude Include="..\Classes\enemy.h">
      <Filter>resource\src</Filter>
    </ClInclude>
    <ClInclude Include="..\Classes\Data.h">
      <Filter>resource\src</Filter>
    </ClInclude>
    <ClInclude Include="..\Classes\Base.h">
      <Filter>resource\src</Filter>
    </ClInclude>
    <ClInclude Include="..\Classes\choose.h">
      <Filter>resource\src</Filter>
    </ClInclude>
    <ClInclude Include="..\Classes\myDeck.h">
      <Filter>resource\src</Filter>
    </ClInclude>
    <ClInclude Include="..\Classes\Item.h">
      <Filter>resource\src</Filter>
    </ClInclude>
    <ClInclude Include="..\Classes\card_inf.h">
      <Filter>resource\src</Filter>
    </ClInclude>
    <ClInclude Include="..\Classes\PopupLayer.h">
      <Filter>resource\src</Filter>
    </ClInclude>
    <ClInclude Include="..\Classes\cardgroupLayer.h">
      <Filter>resource\src</Filter>
    </ClInclude>
  </ItemGroup>
  <ItemGroup>
    <ResourceCompile Include="game.rc">
      <Filter>resource</Filter>
    </ResourceCompile>
  </ItemGroup>
</Project>